
Microsoft Visual Studio Solution File, Format Version 12.00
# Visual Studio Version 16
VisualStudioVersion = 16.0.30011.22
MinimumVisualStudioVersion = 10.0.40219.1
Project("{9A19103F-16F7-4668-BE54-9A1E7A4F7556}") = "ds-delivery", "ds-delivery.csproj", "{01037BD3-9F2C-40AC-B7ED-30034E2B21F5}"
EndProject
Global
	GlobalSection(SolutionConfigurationPlatforms) = preSolution
		Debug|Any CPU = Debug|Any CPU
		Release|Any CPU = Release|Any CPU
	EndGlobalSection
	GlobalSection(ProjectConfigurationPlatforms) = postSolution
		{01037BD3-9F2C-40AC-B7ED-30034E2B21F5}.Debug|Any CPU.ActiveCfg = Debug|Any CPU
		{01037BD3-9F2C-40AC-B7ED-30034E2B21F5}.Debug|Any CPU.Build.0 = Debug|Any CPU
		{01037BD3-9F2C-40AC-B7ED-30034E2B21F5}.Release|Any CPU.ActiveCfg = Release|Any CPU
		{01037BD3-9F2C-40AC-B7ED-30034E2B21F5}.Release|Any CPU.Build.0 = Release|Any CPU
	EndGlobalSection
	GlobalSection(SolutionProperties) = preSolution
		HideSolutionNode = FALSE
	EndGlobalSection
	GlobalSection(ExtensibilityGlobals) = postSolution
		SolutionGuid = {BDC4B222-8885-4414-9CA8-13B402E4D667}
	EndGlobalSection
EndGlobal
